
Microsoft Visual Studio Solution File, Format Version 12.00
# Visual Studio Version 16
VisualStudioVersion = 16.0.31229.75
MinimumVisualStudioVersion = 10.0.40219.1
Project("{9A19103F-16F7-4668-BE54-9A1E7A4F7556}") = "Template", "Template\Template.csproj", "{699A4EA2-A031-4296-AC59-FA1BA320D8C0}"
EndProject
Project("{2150E333-8FDC-42A3-9474-1A3956D46DE8}") = "1-Web", "1-Web", "{EDAFB74A-EA11-49AA-B397-E1622A57DCEA}"
EndProject
Project("{2150E333-8FDC-42A3-9474-1A3956D46DE8}") = "2-Application", "2-Application", "{8AF83FCE-1223-4A95-89BE-C382EAFCF7F8}"
EndProject
Project("{2150E333-8FDC-42A3-9474-1A3956D46DE8}") = "3-Domain", "3-Domain", "{7F04A509-D9A5-4321-805B-5E359DBA66B1}"
EndProject
Project("{2150E333-8FDC-42A3-9474-1A3956D46DE8}") = "4-Infra", "4-Infra", "{93D42B29-97DA-4509-8A8C-E88C42853DEC}"
EndProject
Project("{9A19103F-16F7-4668-BE54-9A1E7A4F7556}") = "Template.Application", "Template.Application\Template.Application.csproj", "{133F4F4F-A222-4380-9625-8EC05B8C7CC0}"
EndProject
Project("{9A19103F-16F7-4668-BE54-9A1E7A4F7556}") = "Template.Domain", "Template.Domain\Template.Domain.csproj", "{FBC81F34-C437-44F0-9959-69579FE70E16}"
EndProject
Project("{2150E333-8FDC-42A3-9474-1A3956D46DE8}") = "4.1-Data", "4.1-Data", "{7173D960-EE90-4223-8AAE-CD83527A7157}"
EndProject
Project("{9A19103F-16F7-4668-BE54-9A1E7A4F7556}") = "Template.Data", "Template.Data\Template.Data.csproj", "{25ED4922-6B85-4BB8-97AF-E74FE3925203}"
EndProject
Project("{2150E333-8FDC-42A3-9474-1A3956D46DE8}") = "4.2-CrossCutting", "4.2-CrossCutting", "{4881154B-BF85-4BED-9245-54160D80DAB1}"
EndProject
Project("{9A19103F-16F7-4668-BE54-9A1E7A4F7556}") = "Template.IoC", "Template.IoC\Template.IoC.csproj", "{C5287265-145D-404B-B287-A3C86A0169EB}"
EndProject
Project("{FAE04EC0-301F-11D3-BF4B-00C04F79EFBC}") = "Template.Swagger", "Template.Swagger\Template.Swagger.csproj", "{9FCB7206-33D3-42FB-9838-69F5E1BBA697}"
EndProject
Global
	GlobalSection(SolutionConfigurationPlatforms) = preSolution
		Debug|Any CPU = Debug|Any CPU
		Release|Any CPU = Release|Any CPU
	EndGlobalSection
	GlobalSection(ProjectConfigurationPlatforms) = postSolution
		{699A4EA2-A031-4296-AC59-FA1BA320D8C0}.Debug|Any CPU.ActiveCfg = Debug|Any CPU
		{699A4EA2-A031-4296-AC59-FA1BA320D8C0}.Debug|Any CPU.Build.0 = Debug|Any CPU
		{699A4EA2-A031-4296-AC59-FA1BA320D8C0}.Release|Any CPU.ActiveCfg = Release|Any CPU
		{699A4EA2-A031-4296-AC59-FA1BA320D8C0}.Release|Any CPU.Build.0 = Release|Any CPU
		{133F4F4F-A222-4380-9625-8EC05B8C7CC0}.Debug|Any CPU.ActiveCfg = Debug|Any CPU
		{133F4F4F-A222-4380-9625-8EC05B8C7CC0}.Debug|Any CPU.Build.0 = Debug|Any CPU
		{133F4F4F-A222-4380-9625-8EC05B8C7CC0}.Release|Any CPU.ActiveCfg = Release|Any CPU
		{133F4F4F-A222-4380-9625-8EC05B8C7CC0}.Release|Any CPU.Build.0 = Release|Any CPU
		{FBC81F34-C437-44F0-9959-69579FE70E16}.Debug|Any CPU.ActiveCfg = Debug|Any CPU
		{FBC81F34-C437-44F0-9959-69579FE70E16}.Debug|Any CPU.Build.0 = Debug|Any CPU
		{FBC81F34-C437-44F0-9959-69579FE70E16}.Release|Any CPU.ActiveCfg = Release|Any CPU
		{FBC81F34-C437-44F0-9959-69579FE70E16}.Release|Any CPU.Build.0 = Release|Any CPU
		{25ED4922-6B85-4BB8-97AF-E74FE3925203}.Debug|Any CPU.ActiveCfg = Debug|Any CPU
		{25ED4922-6B85-4BB8-97AF-E74FE3925203}.Debug|Any CPU.Build.0 = Debug|Any CPU
		{25ED4922-6B85-4BB8-97AF-E74FE3925203}.Release|Any CPU.ActiveCfg = Release|Any CPU
		{25ED4922-6B85-4BB8-97AF-E74FE3925203}.Release|Any CPU.Build.0 = Release|Any CPU
		{C5287265-145D-404B-B287-A3C86A0169EB}.Debug|Any CPU.ActiveCfg = Debug|Any CPU
		{C5287265-145D-404B-B287-A3C86A0169EB}.Debug|Any CPU.Build.0 = Debug|Any CPU
		{C5287265-145D-404B-B287-A3C86A0169EB}.Release|Any CPU.ActiveCfg = Release|Any CPU
		{C5287265-145D-404B-B287-A3C86A0169EB}.Release|Any CPU.Build.0 = Release|Any CPU
		{9FCB7206-33D3-42FB-9838-69F5E1BBA697}.Debug|Any CPU.ActiveCfg = Debug|Any CPU
		{9FCB7206-33D3-42FB-9838-69F5E1BBA697}.Debug|Any CPU.Build.0 = Debug|Any CPU
		{9FCB7206-33D3-42FB-9838-69F5E1BBA697}.Release|Any CPU.ActiveCfg = Release|Any CPU
		{9FCB7206-33D3-42FB-9838-69F5E1BBA697}.Release|Any CPU.Build.0 = Release|Any CPU
	EndGlobalSection
	GlobalSection(SolutionProperties) = preSolution
		HideSolutionNode = FALSE
	EndGlobalSection
	GlobalSection(NestedProjects) = preSolution
		{699A4EA2-A031-4296-AC59-FA1BA320D8C0} = {EDAFB74A-EA11-49AA-B397-E1622A57DCEA}
		{133F4F4F-A222-4380-9625-8EC05B8C7CC0} = {8AF83FCE-1223-4A95-89BE-C382EAFCF7F8}
		{FBC81F34-C437-44F0-9959-69579FE70E16} = {7F04A509-D9A5-4321-805B-5E359DBA66B1}
		{7173D960-EE90-4223-8AAE-CD83527A7157} = {93D42B29-97DA-4509-8A8C-E88C42853DEC}
		{25ED4922-6B85-4BB8-97AF-E74FE3925203} = {7173D960-EE90-4223-8AAE-CD83527A7157}
		{4881154B-BF85-4BED-9245-54160D80DAB1} = {93D42B29-97DA-4509-8A8C-E88C42853DEC}
		{C5287265-145D-404B-B287-A3C86A0169EB} = {4881154B-BF85-4BED-9245-54160D80DAB1}
		{9FCB7206-33D3-42FB-9838-69F5E1BBA697} = {4881154B-BF85-4BED-9245-54160D80DAB1}
	EndGlobalSection
	GlobalSection(ExtensibilityGlobals) = postSolution
		SolutionGuid = {4569D25F-BD9B-44E6-BA0B-95A3B2DA960A}
	EndGlobalSection
EndGlobal
